{
  "name": "robot-hooks",
  "version": "0.3.2",
  "lockfileVersion": 1,
  "requires": true,
  "dependencies": {
    "robot3": {
      "version": "0.2.3",
      "resolved": "https://registry.npmjs.org/robot3/-/robot3-0.2.3.tgz",
      "integrity": "sha512-GN9mEYRE1OE5rfcaILacUK8IRgXbsogao8y+8pNo1Jw6Zq2R6ObPdFuTIUousZwjPCCoIYB7KiiVi0UDB9R1TQ==",
      "dev": true
    }
  }
}
