{
  "name": "lit-robot",
  "version": "0.2.1",
  "lockfileVersion": 1,
  "requires": true,
  "dependencies": {
    "lit-element": {
      "version": "2.3.1",
      "resolved": "https://registry.npmjs.org/lit-element/-/lit-element-2.3.1.tgz",
      "integrity": "sha512-tOcUAmeO3BzwiQ7FGWdsshNvC0HVHcTFYw/TLIImmKwXYoV0E7zCBASa8IJ7DiP4cen/Yoj454gS0qqTnIGsFA==",
      "dev": true,
      "requires": {
        "lit-html": "^1.1.1"
      }
    },
    "lit-html": {
      "version": "1.2.1",
      "resolved": "https://registry.npmjs.org/lit-html/-/lit-html-1.2.1.tgz",
      "integrity": "sha512-GSJHHXMGLZDzTRq59IUfL9FCdAlGfqNp/dEa7k7aBaaWD+JKaCjsAk9KYm2V12ItonVaYx2dprN66Zdm1AuBTQ==",
      "dev": true
    },
    "robot3": {
      "version": "0.2.1",
      "resolved": "https://registry.npmjs.org/robot3/-/robot3-0.2.1.tgz",
      "integrity": "sha512-yFNX1Zu7xPT4BeYrkTUSzNmnxVYxvi8PaIT6qCYnJ/VwhmL5kglQFoOvmjzrbruVkpI5vJ5GddNJYMYJSUmmRg==",
      "dev": true
    }
  }
}
