{
  "name": "preact-robot",
  "version": "0.2.1",
  "lockfileVersion": 1,
  "requires": true,
  "dependencies": {
    "preact": {
      "version": "10.4.1",
      "resolved": "https://registry.npmjs.org/preact/-/preact-10.4.1.tgz",
      "integrity": "sha512-WKrRpCSwL2t3tpOOGhf2WfTpcmbpxaWtDbdJdKdjd0aEiTkvOmS4NBkG6kzlaAHI9AkQ3iVqbFWM3Ei7mZ4o1Q==",
      "dev": true
    },
    "robot-hooks": {
      "version": "0.3.2",
      "resolved": "https://registry.npmjs.org/robot-hooks/-/robot-hooks-0.3.2.tgz",
      "integrity": "sha512-/yPP4vdlMasf7E61/k2tuKZjMw73U22z6yTlk3aJxpVIkLmyuQSonvsZsXqEJZyy8Tud5qxlS2aDYPqvA3zw7Q=="
    },
    "robot3": {
      "version": "0.2.16",
      "resolved": "https://registry.npmjs.org/robot3/-/robot3-0.2.16.tgz",
      "integrity": "sha512-i/e2N3+ztpfoi90AVlIr+u/DqH0Fko8BvwsBkyxiN4uFTc6x1Og9jACzDOZrd0CDSCJfS3X0XxhLShl3vvrsXA==",
      "dev": true
    }
  }
}
